{
  "lib/aave-helpers": {
    "rev": "53cbdf895d1cca8242a25327b205a70a262d82d6"
  },
  "lib/aave-price-feeds": {
    "rev": "dd4168225f1a535b659460283e3ce961996c778c"
  },
  "lib/chaos-agents": {
    "rev": "b365c58bf040c32521266cf10a4e70da9a8b7d4f"
  },
  "lib/forge-std": {
    "rev": "066ff16c5c03e6f931cd041fd366bc4be1fae82a"
  }
}
