{
  "lib/aave-helpers": {
    "rev": "11e2207f9a7933cd57ea1c3fd777caf6f2f39572"
  },
  "lib/aave-price-feeds": {
    "rev": "dd4168225f1a535b659460283e3ce961996c778c"
  },
  "lib/aave-agent-hub": {
    "rev": "71e6dbbadcc86e5eb1ce29d2111a9ca313ae90f3"
  },
  "lib/forge-std": {
    "rev": "066ff16c5c03e6f931cd041fd366bc4be1fae82a"
  }
}
